<?xml version="1.0" encoding="utf-8"?>
<Project ToolsVersion="4.0" xmlns="http://schemas.microsoft.com/developer/msbuild/2003">
  <ItemGroup>
    <Filter Include="Source Files">
      <UniqueIdentifier>{4FC737F1-C7A5-4376-A066-2A32D752A2FF}</UniqueIdentifier>
      <Extensions>cpp;c;cc;cxx;c++;cppm;ixx;def;odl;idl;hpj;bat;asm;asmx</Extensions>
    </Filter>
    <Filter Include="Header Files">
      <UniqueIdentifier>{93995380-89BD-4b04-88EB-625FBE52EBFB}</UniqueIdentifier>
      <Extensions>h;hh;hpp;hxx;h++;hm;inl;inc;ipp;xsd</Extensions>
    </Filter>
    <Filter Include="Resource Files">
      <UniqueIdentifier>{67DA6AB6-F800-4c08-8B7A-83BB121AAD01}</UniqueIdentifier>
      <Extensions>rc;ico;cur;bmp;dlg;rc2;rct;bin;rgs;gif;jpg;jpeg;jpe;resx;tiff;tif;png;wav;mfcribbon-ms</Extensions>
    </Filter>
    <Filter Include="Resource Files\shaders">
      <UniqueIdentifier>{41bd206b-c0d9-47d2-b16b-a1dbd4d4a03c}</UniqueIdentifier>
    </Filter>
    <Filter Include="Resource Files\textures">
      <UniqueIdentifier>{777a857b-ec3a-41f8-b279-a1d931148484}</UniqueIdentifier>
    </Filter>
    <Filter Include="Resource Files\shaders\texture">
      <UniqueIdentifier>{c49731ed-d074-4d99-b96d-5198d129f36a}</UniqueIdentifier>
    </Filter>
    <Filter Include="Source Files\elementClassEngine">
      <UniqueIdentifier>{f9deff17-406a-4bc4-b7f8-2c8bd75c3c3d}</UniqueIdentifier>
    </Filter>
  </ItemGroup>
  <ItemGroup>
    <ClCompile Include="main.cpp">
      <Filter>Source Files</Filter>
    </ClCompile>
    <ClCompile Include="bufferClass.cpp">
      <Filter>Source Files\elementClassEngine</Filter>
    </ClCompile>
    <ClCompile Include="stb.cpp">
      <Filter>Source Files\elementClassEngine</Filter>
    </ClCompile>
    <ClCompile Include="texture.cpp">
      <Filter>Source Files\elementClassEngine</Filter>
    </ClCompile>
    <ClCompile Include="glad.c">
      <Filter>Source Files\elementClassEngine</Filter>
    </ClCompile>
  </ItemGroup>
  <ItemGroup>
    <ClInclude Include="rWindow.h">
      <Filter>Header Files</Filter>
    </ClInclude>
    <ClInclude Include="DrawRender.h">
      <Filter>Header Files</Filter>
    </ClInclude>
    <ClInclude Include="shaderClass.h">
      <Filter>Header Files</Filter>
    </ClInclude>
    <ClInclude Include="VertexBufferObject.h">
      <Filter>Header Files</Filter>
    </ClInclude>
    <ClInclude Include="coord.h">
      <Filter>Header Files</Filter>
    </ClInclude>
    <ClInclude Include="texture.h">
      <Filter>Header Files</Filter>
    </ClInclude>
  </ItemGroup>
  <ItemGroup>
    <None Include="Abuffer.vert">
      <Filter>Resource Files\shaders</Filter>
    </None>
    <None Include="Abuffer.frag">
      <Filter>Resource Files\shaders</Filter>
    </None>
  </ItemGroup>
  <ItemGroup>
    <Image Include="D:\Downloads\T_Noise_Spots.png">
      <Filter>Resource Files\textures</Filter>
    </Image>
  </ItemGroup>
</Project>